
Microsoft Visual Studio Solution File, Format Version 12.00
# Visual Studio Version 16
VisualStudioVersion = 16.0.30621.155
MinimumVisualStudioVersion = 10.0.40219.1
Project("{9A19103F-16F7-4668-BE54-9A1E7A4F7556}") = "LiveScores", "LiveScores\LiveScores.csproj", "{6B7E1331-D404-4597-9D61-C008068A151B}"
EndProject
Project("{9A19103F-16F7-4668-BE54-9A1E7A4F7556}") = "LiveScoresAPI", "LiveScoresAPI\LiveScoresAPI.csproj", "{EFB915B3-D001-4E65-95D4-8F0B3CF465F4}"
EndProject
Project("{9A19103F-16F7-4668-BE54-9A1E7A4F7556}") = "LiveScoresCrawlerSource", "LiveScoresCrawlerSource\LiveScoresCrawlerSource.csproj", "{E6457B5F-380D-4F6A-A44F-73E4F2AABC56}"
EndProject
Project("{E53339B2-1760-4266-BCC7-CA923CBCF16C}") = "docker-compose", "docker-compose.dcproj", "{D09C4032-B79B-4954-83FA-F0FC8A96021C}"
EndProject
Global
	GlobalSection(SolutionConfigurationPlatforms) = preSolution
		Debug|Any CPU = Debug|Any CPU
		Release|Any CPU = Release|Any CPU
	EndGlobalSection
	GlobalSection(ProjectConfigurationPlatforms) = postSolution
		{6B7E1331-D404-4597-9D61-C008068A151B}.Debug|Any CPU.ActiveCfg = Debug|Any CPU
		{6B7E1331-D404-4597-9D61-C008068A151B}.Debug|Any CPU.Build.0 = Debug|Any CPU
		{6B7E1331-D404-4597-9D61-C008068A151B}.Release|Any CPU.ActiveCfg = Release|Any CPU
		{6B7E1331-D404-4597-9D61-C008068A151B}.Release|Any CPU.Build.0 = Release|Any CPU
		{EFB915B3-D001-4E65-95D4-8F0B3CF465F4}.Debug|Any CPU.ActiveCfg = Debug|Any CPU
		{EFB915B3-D001-4E65-95D4-8F0B3CF465F4}.Debug|Any CPU.Build.0 = Debug|Any CPU
		{EFB915B3-D001-4E65-95D4-8F0B3CF465F4}.Release|Any CPU.ActiveCfg = Release|Any CPU
		{EFB915B3-D001-4E65-95D4-8F0B3CF465F4}.Release|Any CPU.Build.0 = Release|Any CPU
		{E6457B5F-380D-4F6A-A44F-73E4F2AABC56}.Debug|Any CPU.ActiveCfg = Debug|Any CPU
		{E6457B5F-380D-4F6A-A44F-73E4F2AABC56}.Debug|Any CPU.Build.0 = Debug|Any CPU
		{E6457B5F-380D-4F6A-A44F-73E4F2AABC56}.Release|Any CPU.ActiveCfg = Release|Any CPU
		{E6457B5F-380D-4F6A-A44F-73E4F2AABC56}.Release|Any CPU.Build.0 = Release|Any CPU
		{D09C4032-B79B-4954-83FA-F0FC8A96021C}.Debug|Any CPU.ActiveCfg = Debug|Any CPU
		{D09C4032-B79B-4954-83FA-F0FC8A96021C}.Debug|Any CPU.Build.0 = Debug|Any CPU
		{D09C4032-B79B-4954-83FA-F0FC8A96021C}.Release|Any CPU.ActiveCfg = Release|Any CPU
		{D09C4032-B79B-4954-83FA-F0FC8A96021C}.Release|Any CPU.Build.0 = Release|Any CPU
	EndGlobalSection
	GlobalSection(SolutionProperties) = preSolution
		HideSolutionNode = FALSE
	EndGlobalSection
	GlobalSection(ExtensibilityGlobals) = postSolution
		SolutionGuid = {B75B5E94-21D8-49E7-840D-62D99C10A9EE}
	EndGlobalSection
EndGlobal
